// !$*UTF8*$!
{
	archiveVersion = 1;
	classes = {
	};
	objectVersion = 56;
	objects = {

/* Begin PBXBuildFile section */
		AABFD1A92B446DD50089B995 /* AppDelegate.swift in Sources */ = {isa = PBXBuildFile; fileRef = AABFD1A82B446DD50089B995 /* AppDelegate.swift */; };
		AABFD1AB2B446DD50089B995 /* SceneDelegate.swift in Sources */ = {isa = PBXBuildFile; fileRef = AABFD1AA2B446DD50089B995 /* SceneDelegate.swift */; };
		AABFD1AD2B446DD50089B995 /* ViewController.swift in Sources */ = {isa = PBXBuildFile; fileRef = AABFD1AC2B446DD50089B995 /* ViewController.swift */; };
		AABFD1B02B446DD50089B995 /* Main.storyboard in Resources */ = {isa = PBXBuildFile; fileRef = AABFD1AE2B446DD50089B995 /* Main.storyboard */; };
		AABFD1B22B446DD90089B995 /* Assets.xcassets in Resources */ = {isa = PBXBuildFile; fileRef = AABFD1B12B446DD90089B995 /* Assets.xcassets */; };
		AABFD1B52B446DD90089B995 /* LaunchScreen.storyboard in Resources */ = {isa = PBXBuildFile; fileRef = AABFD1B32B446DD90089B995 /* LaunchScreen.storyboard */; };
		AABFD1BE2B446E640089B995 /* Extensions.swift in Sources */ = {isa = PBXBuildFile; fileRef = AABFD1BD2B446E640089B995 /* Extensions.swift */; };
		AABFD1C62B446F150089B995 /* TipCalculatorViewController.swift in Sources */ = {isa = PBXBuildFile; fileRef = AABFD1C42B446F150089B995 /* TipCalculatorViewController.swift */; };
		AABFD1C72B446F150089B995 /* TipCalculatorViewController.xib in Resources */ = {isa = PBXBuildFile; fileRef = AABFD1C52B446F150089B995 /* TipCalculatorViewController.xib */; };
		AABFD1CB2B44718D0089B995 /* CalculatorViewController.swift in Sources */ = {isa = PBXBuildFile; fileRef = AABFD1C92B44718D0089B995 /* CalculatorViewController.swift */; };
		AABFD1CC2B44718D0089B995 /* CalculatorViewController.xib in Resources */ = {isa = PBXBuildFile; fileRef = AABFD1CA2B44718D0089B995 /* CalculatorViewController.xib */; };
		AABFD1D02B4471E30089B995 /* SettingsViewController.swift in Sources */ = {isa = PBXBuildFile; fileRef = AABFD1CE2B4471E30089B995 /* SettingsViewController.swift */; };
		AABFD1D12B4471E30089B995 /* SettingsViewController.xib in Resources */ = {isa = PBXBuildFile; fileRef = AABFD1CF2B4471E30089B995 /* SettingsViewController.xib */; };
		AABFD1D52B4474700089B995 /* TabBarViewController.swift in Sources */ = {isa = PBXBuildFile; fileRef = AABFD1D42B4474700089B995 /* TabBarViewController.swift */; };
/* End PBXBuildFile section */

/* Begin PBXFileReference section */
		AABFD1A52B446DD50089B995 /* TipApp.app */ = {isa = PBXFileReference; explicitFileType = wrapper.application; includeInIndex = 0; path = TipApp.app; sourceTree = BUILT_PRODUCTS_DIR; };
		AABFD1A82B446DD50089B995 /* AppDelegate.swift */ = {isa = PBXFileReference; lastKnownFileType = sourcecode.swift; path = AppDelegate.swift; sourceTree = "<group>"; };
		AABFD1AA2B446DD50089B995 /* SceneDelegate.swift */ = {isa = PBXFileReference; lastKnownFileType = sourcecode.swift; path = SceneDelegate.swift; sourceTree = "<group>"; };
		AABFD1AC2B446DD50089B995 /* ViewController.swift */ = {isa = PBXFileReference; lastKnownFileType = sourcecode.swift; path = ViewController.swift; sourceTree = "<group>"; };
		AABFD1AF2B446DD50089B995 /* Base */ = {isa = PBXFileReference; lastKnownFileType = file.storyboard; name = Base; path = Base.lproj/Main.storyboard; sourceTree = "<group>"; };
		AABFD1B12B446DD90089B995 /* Assets.xcassets */ = {isa = PBXFileReference; lastKnownFileType = folder.assetcatalog; path = Assets.xcassets; sourceTree = "<group>"; };
		AABFD1B42B446DD90089B995 /* Base */ = {isa = PBXFileReference; lastKnownFileType = file.storyboard; name = Base; path = Base.lproj/LaunchScreen.storyboard; sourceTree = "<group>"; };
		AABFD1B62B446DD90089B995 /* Info.plist */ = {isa = PBXFileReference; lastKnownFileType = text.plist.xml; path = Info.plist; sourceTree = "<group>"; };
		AABFD1BD2B446E640089B995 /* Extensions.swift */ = {isa = PBXFileReference; lastKnownFileType = sourcecode.swift; path = Extensions.swift; sourceTree = "<group>"; };
		AABFD1C42B446F150089B995 /* TipCalculatorViewController.swift */ = {isa = PBXFileReference; lastKnownFileType = sourcecode.swift; path = TipCalculatorViewController.swift; sourceTree = "<group>"; };
		AABFD1C52B446F150089B995 /* TipCalculatorViewController.xib */ = {isa = PBXFileReference; lastKnownFileType = file.xib; path = TipCalculatorViewController.xib; sourceTree = "<group>"; };
		AABFD1C92B44718D0089B995 /* CalculatorViewController.swift */ = {isa = PBXFileReference; lastKnownFileType = sourcecode.swift; path = CalculatorViewController.swift; sourceTree = "<group>"; };
		AABFD1CA2B44718D0089B995 /* CalculatorViewController.xib */ = {isa = PBXFileReference; lastKnownFileType = file.xib; path = CalculatorViewController.xib; sourceTree = "<group>"; };
		AABFD1CE2B4471E30089B995 /* SettingsViewController.swift */ = {isa = PBXFileReference; lastKnownFileType = sourcecode.swift; path = SettingsViewController.swift; sourceTree = "<group>"; };
		AABFD1CF2B4471E30089B995 /* SettingsViewController.xib */ = {isa = PBXFileReference; lastKnownFileType = file.xib; path = SettingsViewController.xib; sourceTree = "<group>"; };
		AABFD1D42B4474700089B995 /* TabBarViewController.swift */ = {isa = PBXFileReference; lastKnownFileType = sourcecode.swift; path = TabBarViewController.swift; sourceTree = "<group>"; };
/* End PBXFileReference section */

/* Begin PBXFrameworksBuildPhase section */
		AABFD1A22B446DD50089B995 /* Frameworks */ = {
			isa = PBXFrameworksBuildPhase;
			buildActionMask = 2147483647;
			files = (
			);
			runOnlyForDeploymentPostprocessing = 0;
		};
/* End PBXFrameworksBuildPhase section */

/* Begin PBXGroup section */
		AABFD19C2B446DD50089B995 = {
			isa = PBXGroup;
			children = (
				AABFD1A72B446DD50089B995 /* TipApp */,
				AABFD1A62B446DD50089B995 /* Products */,
			);
			sourceTree = "<group>";
		};
		AABFD1A62B446DD50089B995 /* Products */ = {
			isa = PBXGroup;
			children = (
				AABFD1A52B446DD50089B995 /* TipApp.app */,
			);
			name = Products;
			sourceTree = "<group>";
		};
		AABFD1A72B446DD50089B995 /* TipApp */ = {
			isa = PBXGroup;
			children = (
				AABFD1BC2B446E4F0089B995 /* Extensions */,
				AABFD1BF2B446E8C0089B995 /* TapBarController */,
				AABFD1C22B446ED20089B995 /* Views */,
				AABFD1A82B446DD50089B995 /* AppDelegate.swift */,
				AABFD1AA2B446DD50089B995 /* SceneDelegate.swift */,
				AABFD1AC2B446DD50089B995 /* ViewController.swift */,
				AABFD1AE2B446DD50089B995 /* Main.storyboard */,
				AABFD1B12B446DD90089B995 /* Assets.xcassets */,
				AABFD1B32B446DD90089B995 /* LaunchScreen.storyboard */,
				AABFD1B62B446DD90089B995 /* Info.plist */,
			);
			path = TipApp;
			sourceTree = "<group>";
		};
		AABFD1BC2B446E4F0089B995 /* Extensions */ = {
			isa = PBXGroup;
			children = (
				AABFD1BD2B446E640089B995 /* Extensions.swift */,
			);
			path = Extensions;
			sourceTree = "<group>";
		};
		AABFD1BF2B446E8C0089B995 /* TapBarController */ = {
			isa = PBXGroup;
			children = (
				AABFD1D42B4474700089B995 /* TabBarViewController.swift */,
			);
			path = TapBarController;
			sourceTree = "<group>";
		};
		AABFD1C22B446ED20089B995 /* Views */ = {
			isa = PBXGroup;
			children = (
				AABFD1C32B446EDD0089B995 /* TipCalculatorView */,
				AABFD1C82B446F1A0089B995 /* CalculatorView */,
				AABFD1CD2B44719A0089B995 /* Settings */,
			);
			path = Views;
			sourceTree = "<group>";
		};
		AABFD1C32B446EDD0089B995 /* TipCalculatorView */ = {
			isa = PBXGroup;
			children = (
				AABFD1C42B446F150089B995 /* TipCalculatorViewController.swift */,
				AABFD1C52B446F150089B995 /* TipCalculatorViewController.xib */,
			);
			path = TipCalculatorView;
			sourceTree = "<group>";
		};
		AABFD1C82B446F1A0089B995 /* CalculatorView */ = {
			isa = PBXGroup;
			children = (
				AABFD1C92B44718D0089B995 /* CalculatorViewController.swift */,
				AABFD1CA2B44718D0089B995 /* CalculatorViewController.xib */,
			);
			path = CalculatorView;
			sourceTree = "<group>";
		};
		AABFD1CD2B44719A0089B995 /* Settings */ = {
			isa = PBXGroup;
			children = (
				AABFD1CE2B4471E30089B995 /* SettingsViewController.swift */,
				AABFD1CF2B4471E30089B995 /* SettingsViewController.xib */,
			);
			path = Settings;
			sourceTree = "<group>";
		};
/* End PBXGroup section */

/* Begin PBXNativeTarget section */
		AABFD1A42B446DD50089B995 /* TipApp */ = {
			isa = PBXNativeTarget;
			buildConfigurationList = AABFD1B92B446DD90089B995 /* Build configuration list for PBXNativeTarget "TipApp" */;
			buildPhases = (
				AABFD1A12B446DD50089B995 /* Sources */,
				AABFD1A22B446DD50089B995 /* Frameworks */,
				AABFD1A32B446DD50089B995 /* Resources */,
			);
			buildRules = (
			);
			dependencies = (
			);
			name = TipApp;
			productName = TipApp;
			productReference = AABFD1A52B446DD50089B995 /* TipApp.app */;
			productType = "com.apple.product-type.application";
		};
/* End PBXNativeTarget section */

/* Begin PBXProject section */
		AABFD19D2B446DD50089B995 /* Project object */ = {
			isa = PBXProject;
			attributes = {
				BuildIndependentTargetsInParallel = 1;
				LastSwiftUpdateCheck = 1420;
				LastUpgradeCheck = 1420;
				TargetAttributes = {
					AABFD1A42B446DD50089B995 = {
						CreatedOnToolsVersion = 14.2;
					};
				};
			};
			buildConfigurationList = AABFD1A02B446DD50089B995 /* Build configuration list for PBXProject "TipApp" */;
			compatibilityVersion = "Xcode 14.0";
			developmentRegion = en;
			hasScannedForEncodings = 0;
			knownRegions = (
				en,
				Base,
			);
			mainGroup = AABFD19C2B446DD50089B995;
			productRefGroup = AABFD1A62B446DD50089B995 /* Products */;
			projectDirPath = "";
			projectRoot = "";
			targets = (
				AABFD1A42B446DD50089B995 /* TipApp */,
			);
		};
/* End PBXProject section */

/* Begin PBXResourcesBuildPhase section */
		AABFD1A32B446DD50089B995 /* Resources */ = {
			isa = PBXResourcesBuildPhase;
			buildActionMask = 2147483647;
			files = (
				AABFD1B52B446DD90089B995 /* LaunchScreen.storyboard in Resources */,
				AABFD1D12B4471E30089B995 /* SettingsViewController.xib in Resources */,
				AABFD1B22B446DD90089B995 /* Assets.xcassets in Resources */,
				AABFD1C72B446F150089B995 /* TipCalculatorViewController.xib in Resources */,
				AABFD1B02B446DD50089B995 /* Main.storyboard in Resources */,
				AABFD1CC2B44718D0089B995 /* CalculatorViewController.xib in Resources */,
			);
			runOnlyForDeploymentPostprocessing = 0;
		};
/* End PBXResourcesBuildPhase section */

/* Begin PBXSourcesBuildPhase section */
		AABFD1A12B446DD50089B995 /* Sources */ = {
			isa = PBXSourcesBuildPhase;
			buildActionMask = 2147483647;
			files = (
				AABFD1D52B4474700089B995 /* TabBarViewController.swift in Sources */,
				AABFD1AD2B446DD50089B995 /* ViewController.swift in Sources */,
				AABFD1A92B446DD50089B995 /* AppDelegate.swift in Sources */,
				AABFD1AB2B446DD50089B995 /* SceneDelegate.swift in Sources */,
				AABFD1C62B446F150089B995 /* TipCalculatorViewController.swift in Sources */,
				AABFD1CB2B44718D0089B995 /* CalculatorViewController.swift in Sources */,
				AABFD1BE2B446E640089B995 /* Extensions.swift in Sources */,
				AABFD1D02B4471E30089B995 /* SettingsViewController.swift in Sources */,
			);
			runOnlyForDeploymentPostprocessing = 0;
		};
/* End PBXSourcesBuildPhase section */

/* Begin PBXVariantGroup section */
		AABFD1AE2B446DD50089B995 /* Main.storyboard */ = {
			isa = PBXVariantGroup;
			children = (
				AABFD1AF2B446DD50089B995 /* Base */,
			);
			name = Main.storyboard;
			sourceTree = "<group>";
		};
		AABFD1B32B446DD90089B995 /* LaunchScreen.storyboard */ = {
			isa = PBXVariantGroup;
			children = (
				AABFD1B42B446DD90089B995 /* Base */,
			);
			name = LaunchScreen.storyboard;
			sourceTree = "<group>";
		};
/* End PBXVariantGroup section */

/* Begin XCBuildConfiguration section */
		AABFD1B72B446DD90089B995 /* Debug */ = {
			isa = XCBuildConfiguration;
			buildSettings = {
				ALWAYS_SEARCH_USER_PATHS = NO;
				CLANG_ANALYZER_NONNULL = YES;
				CLANG_ANALYZER_NUMBER_OBJECT_CONVERSION = YES_AGGRESSIVE;
				CLANG_CXX_LANGUAGE_STANDARD = "gnu++20";
				CLANG_ENABLE_MODULES = YES;
				CLANG_ENABLE_OBJC_ARC = YES;
				CLANG_ENABLE_OBJC_WEAK = YES;
				CLANG_WARN_BLOCK_CAPTURE_AUTORELEASING = YES;
				CLANG_WARN_BOOL_CONVERSION = YES;
				CLANG_WARN_COMMA = YES;
				CLANG_WARN_CONSTANT_CONVERSION = YES;
				CLANG_WARN_DEPRECATED_OBJC_IMPLEMENTATIONS = YES;
				CLANG_WARN_DIRECT_OBJC_ISA_USAGE = YES_ERROR;
				CLANG_WARN_DOCUMENTATION_COMMENTS = YES;
				CLANG_WARN_EMPTY_BODY = YES;
				CLANG_WARN_ENUM_CONVERSION = YES;
				CLANG_WARN_INFINITE_RECURSION = YES;
				CLANG_WARN_INT_CONVERSION = YES;
				CLANG_WARN_NON_LITERAL_NULL_CONVERSION = YES;
				CLANG_WARN_OBJC_IMPLICIT_RETAIN_SELF = YES;
				CLANG_WARN_OBJC_LITERAL_CONVERSION = YES;
				CLANG_WARN_OBJC_ROOT_CLASS = YES_ERROR;
				CLANG_WARN_QUOTED_INCLUDE_IN_FRAMEWORK_HEADER = YES;
				CLANG_WARN_RANGE_LOOP_ANALYSIS = YES;
				CLANG_WARN_STRICT_PROTOTYPES = YES;
				CLANG_WARN_SUSPICIOUS_MOVE = YES;
				CLANG_WARN_UNGUARDED_AVAILABILITY = YES_AGGRESSIVE;
				CLANG_WARN_UNREACHABLE_CODE = YES;
				CLANG_WARN__DUPLICATE_METHOD_MATCH = YES;
				COPY_PHASE_STRIP = NO;
				DEBUG_INFORMATION_FORMAT = dwarf;
				ENABLE_STRICT_OBJC_MSGSEND = YES;
				ENABLE_TESTABILITY = YES;
				GCC_C_LANGUAGE_STANDARD = gnu11;
				GCC_DYNAMIC_NO_PIC = NO;
				GCC_NO_COMMON_BLOCKS = YES;
				GCC_OPTIMIZATION_LEVEL = 0;
				GCC_PREPROCESSOR_DEFINITIONS = (
					"DEBUG=1",
					"$(inherited)",
				);
				GCC_WARN_64_TO_32_BIT_CONVERSION = YES;
				GCC_WARN_ABOUT_RETURN_TYPE = YES_ERROR;
				GCC_WARN_UNDECLARED_SELECTOR = YES;
				GCC_WARN_UNINITIALIZED_AUTOS = YES_AGGRESSIVE;
				GCC_WARN_UNUSED_FUNCTION = YES;
				GCC_WARN_UNUSED_VARIABLE = YES;
				IPHONEOS_DEPLOYMENT_TARGET = 14.0;
				MTL_ENABLE_DEBUG_INFO = INCLUDE_SOURCE;
				MTL_FAST_MATH = YES;
				ONLY_ACTIVE_ARCH = YES;
				SDKROOT = iphoneos;
				SWIFT_ACTIVE_COMPILATION_CONDITIONS = DEBUG;
				SWIFT_OPTIMIZATION_LEVEL = "-Onone";
			};
			name = Debug;
		};
		AABFD1B82B446DD90089B995 /* Release */ = {
			isa = XCBuildConfiguration;
			buildSettings = {
				ALWAYS_SEARCH_USER_PATHS = NO;
				CLANG_ANALYZER_NONNULL = YES;
				CLANG_ANALYZER_NUMBER_OBJECT_CONVERSION = YES_AGGRESSIVE;
				CLANG_CXX_LANGUAGE_STANDARD = "gnu++20";
				CLANG_ENABLE_MODULES = YES;
				CLANG_ENABLE_OBJC_ARC = YES;
				CLANG_ENABLE_OBJC_WEAK = YES;
				CLANG_WARN_BLOCK_CAPTURE_AUTORELEASING = YES;
				CLANG_WARN_BOOL_CONVERSION = YES;
				CLANG_WARN_COMMA = YES;
				CLANG_WARN_CONSTANT_CONVERSION = YES;
				CLANG_WARN_DEPRECATED_OBJC_IMPLEMENTATIONS = YES;
				CLANG_WARN_DIRECT_OBJC_ISA_USAGE = YES_ERROR;
				CLANG_WARN_DOCUMENTATION_COMMENTS = YES;
				CLANG_WARN_EMPTY_BODY = YES;
				CLANG_WARN_ENUM_CONVERSION = YES;
				CLANG_WARN_INFINITE_RECURSION = YES;
				CLANG_WARN_INT_CONVERSION = YES;
				CLANG_WARN_NON_LITERAL_NULL_CONVERSION = YES;
				CLANG_WARN_OBJC_IMPLICIT_RETAIN_SELF = YES;
				CLANG_WARN_OBJC_LITERAL_CONVERSION = YES;
				CLANG_WARN_OBJC_ROOT_CLASS = YES_ERROR;
				CLANG_WARN_QUOTED_INCLUDE_IN_FRAMEWORK_HEADER = YES;
				CLANG_WARN_RANGE_LOOP_ANALYSIS = YES;
				CLANG_WARN_STRICT_PROTOTYPES = YES;
				CLANG_WARN_SUSPICIOUS_MOVE = YES;
				CLANG_WARN_UNGUARDED_AVAILABILITY = YES_AGGRESSIVE;
				CLANG_WARN_UNREACHABLE_CODE = YES;
				CLANG_WARN__DUPLICATE_METHOD_MATCH = YES;
				COPY_PHASE_STRIP = NO;
				DEBUG_INFORMATION_FORMAT = "dwarf-with-dsym";
				ENABLE_NS_ASSERTIONS = NO;
				ENABLE_STRICT_OBJC_MSGSEND = YES;
				GCC_C_LANGUAGE_STANDARD = gnu11;
				GCC_NO_COMMON_BLOCKS = YES;
				GCC_WARN_64_TO_32_BIT_CONVERSION = YES;
				GCC_WARN_ABOUT_RETURN_TYPE = YES_ERROR;
				GCC_WARN_UNDECLARED_SELECTOR = YES;
				GCC_WARN_UNINITIALIZED_AUTOS = YES_AGGRESSIVE;
				GCC_WARN_UNUSED_FUNCTION = YES;
				GCC_WARN_UNUSED_VARIABLE = YES;
				IPHONEOS_DEPLOYMENT_TARGET = 14.0;
				MTL_ENABLE_DEBUG_INFO = NO;
				MTL_FAST_MATH = YES;
				SDKROOT = iphoneos;
				SWIFT_COMPILATION_MODE = wholemodule;
				SWIFT_OPTIMIZATION_LEVEL = "-O";
				VALIDATE_PRODUCT = YES;
			};
			name = Release;
		};
		AABFD1BA2B446DD90089B995 /* Debug */ = {
			isa = XCBuildConfiguration;
			buildSettings = {
				ASSETCATALOG_COMPILER_APPICON_NAME = AppIcon;
				ASSETCATALOG_COMPILER_GLOBAL_ACCENT_COLOR_NAME = AccentColor;
				CODE_SIGN_STYLE = Automatic;
				CURRENT_PROJECT_VERSION = 1;
				GENERATE_INFOPLIST_FILE = YES;
				INFOPLIST_FILE = TipApp/Info.plist;
				INFOPLIST_KEY_UIApplicationSupportsIndirectInputEvents = YES;
				INFOPLIST_KEY_UILaunchStoryboardName = LaunchScreen;
				INFOPLIST_KEY_UIMainStoryboardFile = Main;
				INFOPLIST_KEY_UISupportedInterfaceOrientations_iPad = "UIInterfaceOrientationPortrait UIInterfaceOrientationPortraitUpsideDown UIInterfaceOrientationLandscapeLeft UIInterfaceOrientationLandscapeRight";
				INFOPLIST_KEY_UISupportedInterfaceOrientations_iPhone = "UIInterfaceOrientationPortrait UIInterfaceOrientationLandscapeLeft UIInterfaceOrientationLandscapeRight";
				IPHONEOS_DEPLOYMENT_TARGET = 14.0;
				LD_RUNPATH_SEARCH_PATHS = (
					"$(inherited)",
					"@executable_path/Frameworks",
				);
				MARKETING_VERSION = 1.0;
				PRODUCT_BUNDLE_IDENTIFIER = MA.TipApp;
				PRODUCT_NAME = "$(TARGET_NAME)";
				SUPPORTED_PLATFORMS = "iphoneos iphonesimulator";
				SUPPORTS_MACCATALYST = NO;
				SUPPORTS_MAC_DESIGNED_FOR_IPHONE_IPAD = NO;
				SWIFT_EMIT_LOC_STRINGS = YES;
				SWIFT_VERSION = 5.0;
				TARGETED_DEVICE_FAMILY = 1;
			};
			name = Debug;
		};
		AABFD1BB2B446DD90089B995 /* Release */ = {
			isa = XCBuildConfiguration;
			buildSettings = {
				ASSETCATALOG_COMPILER_APPICON_NAME = AppIcon;
				ASSETCATALOG_COMPILER_GLOBAL_ACCENT_COLOR_NAME = AccentColor;
				CODE_SIGN_STYLE = Automatic;
				CURRENT_PROJECT_VERSION = 1;
				GENERATE_INFOPLIST_FILE = YES;
				INFOPLIST_FILE = TipApp/Info.plist;
				INFOPLIST_KEY_UIApplicationSupportsIndirectInputEvents = YES;
				INFOPLIST_KEY_UILaunchStoryboardName = LaunchScreen;
				INFOPLIST_KEY_UIMainStoryboardFile = Main;
				INFOPLIST_KEY_UISupportedInterfaceOrientations_iPad = "UIInterfaceOrientationPortrait UIInterfaceOrientationPortraitUpsideDown UIInterfaceOrientationLandscapeLeft UIInterfaceOrientationLandscapeRight";
				INFOPLIST_KEY_UISupportedInterfaceOrientations_iPhone = "UIInterfaceOrientationPortrait UIInterfaceOrientationLandscapeLeft UIInterfaceOrientationLandscapeRight";
				IPHONEOS_DEPLOYMENT_TARGET = 14.0;
				LD_RUNPATH_SEARCH_PATHS = (
					"$(inherited)",
					"@executable_path/Frameworks",
				);
				MARKETING_VERSION = 1.0;
				PRODUCT_BUNDLE_IDENTIFIER = MA.TipApp;
				PRODUCT_NAME = "$(TARGET_NAME)";
				SUPPORTED_PLATFORMS = "iphoneos iphonesimulator";
				SUPPORTS_MACCATALYST = NO;
				SUPPORTS_MAC_DESIGNED_FOR_IPHONE_IPAD = NO;
				SWIFT_EMIT_LOC_STRINGS = YES;
				SWIFT_VERSION = 5.0;
				TARGETED_DEVICE_FAMILY = 1;
			};
			name = Release;
		};
/* End XCBuildConfiguration section */

/* Begin XCConfigurationList section */
		AABFD1A02B446DD50089B995 /* Build configuration list for PBXProject "TipApp" */ = {
			isa = XCConfigurationList;
			buildConfigurations = (
				AABFD1B72B446DD90089B995 /* Debug */,
				AABFD1B82B446DD90089B995 /* Release */,
			);
			defaultConfigurationIsVisible = 0;
			defaultConfigurationName = Release;
		};
		AABFD1B92B446DD90089B995 /* Build configuration list for PBXNativeTarget "TipApp" */ = {
			isa = XCConfigurationList;
			buildConfigurations = (
				AABFD1BA2B446DD90089B995 /* Debug */,
				AABFD1BB2B446DD90089B995 /* Release */,
			);
			defaultConfigurationIsVisible = 0;
			defaultConfigurationName = Release;
		};
/* End XCConfigurationList section */
	};
	rootObject = AABFD19D2B446DD50089B995 /* Project object */;
}
